
Microsoft Visual Studio Solution File, Format Version 12.00
# Visual Studio 15
VisualStudioVersion = 15.0.27130.2024
MinimumVisualStudioVersion = 10.0.40219.1
Project("{FAE04EC0-301F-11D3-BF4B-00C04F79EFBC}") = "MyHome.Shopping.Domain", "MyHome.Shopping.Domain\MyHome.Shopping.Domain.csproj", "{D2C4263A-C524-4BEC-AF92-E89986C23835}"
EndProject
Global
	GlobalSection(SolutionConfigurationPlatforms) = preSolution
		Debug|Any CPU = Debug|Any CPU
		Release|Any CPU = Release|Any CPU
	EndGlobalSection
	GlobalSection(ProjectConfigurationPlatforms) = postSolution
		{D2C4263A-C524-4BEC-AF92-E89986C23835}.Debug|Any CPU.ActiveCfg = Debug|Any CPU
		{D2C4263A-C524-4BEC-AF92-E89986C23835}.Debug|Any CPU.Build.0 = Debug|Any CPU
		{D2C4263A-C524-4BEC-AF92-E89986C23835}.Release|Any CPU.ActiveCfg = Release|Any CPU
		{D2C4263A-C524-4BEC-AF92-E89986C23835}.Release|Any CPU.Build.0 = Release|Any CPU
	EndGlobalSection
	GlobalSection(SolutionProperties) = preSolution
		HideSolutionNode = FALSE
	EndGlobalSection
	GlobalSection(ExtensibilityGlobals) = postSolution
		SolutionGuid = {67512A0E-5D28-45EA-922B-552CE99268EC}
	EndGlobalSection
EndGlobal
